
Microsoft Visual Studio Solution File, Format Version 12.00
# Visual Studio 2013
VisualStudioVersion = 12.0.21005.1
MinimumVisualStudioVersion = 10.0.40219.1
Project("{FAE04EC0-301F-11D3-BF4B-00C04F79EFBC}") = "CodeSmells.Web", "CodeSmells.Web\CodeSmells.Web.csproj", "{FEA06B9B-C5DF-4177-9B91-50EB9DB9AF6F}"
EndProject
Project("{FAE04EC0-301F-11D3-BF4B-00C04F79EFBC}") = "CodeSmells.Models", "CodeSmells.Models\CodeSmells.Models.csproj", "{C1698ED6-B2A1-4D80-AB88-72F0E8A151FA}"
EndProject
Project("{FAE04EC0-301F-11D3-BF4B-00C04F79EFBC}") = "CodeSmells.Data", "CodeSmells.Data\CodeSmells.Data.csproj", "{0EE45D66-2BFE-464F-BCDE-5D58697DF73C}"
EndProject
Project("{FAE04EC0-301F-11D3-BF4B-00C04F79EFBC}") = "CodeSmells.DataSeeder", "CodeSmells.DataSeeder\CodeSmells.DataSeeder.csproj", "{C77534FF-C6E2-41DF-BC28-1EFA555FD648}"
EndProject
Global
	GlobalSection(SolutionConfigurationPlatforms) = preSolution
		Debug|Any CPU = Debug|Any CPU
		Release|Any CPU = Release|Any CPU
	EndGlobalSection
	GlobalSection(ProjectConfigurationPlatforms) = postSolution
		{FEA06B9B-C5DF-4177-9B91-50EB9DB9AF6F}.Debug|Any CPU.ActiveCfg = Debug|Any CPU
		{FEA06B9B-C5DF-4177-9B91-50EB9DB9AF6F}.Debug|Any CPU.Build.0 = Debug|Any CPU
		{FEA06B9B-C5DF-4177-9B91-50EB9DB9AF6F}.Release|Any CPU.ActiveCfg = Release|Any CPU
		{FEA06B9B-C5DF-4177-9B91-50EB9DB9AF6F}.Release|Any CPU.Build.0 = Release|Any CPU
		{C1698ED6-B2A1-4D80-AB88-72F0E8A151FA}.Debug|Any CPU.ActiveCfg = Debug|Any CPU
		{C1698ED6-B2A1-4D80-AB88-72F0E8A151FA}.Debug|Any CPU.Build.0 = Debug|Any CPU
		{C1698ED6-B2A1-4D80-AB88-72F0E8A151FA}.Release|Any CPU.ActiveCfg = Release|Any CPU
		{C1698ED6-B2A1-4D80-AB88-72F0E8A151FA}.Release|Any CPU.Build.0 = Release|Any CPU
		{0EE45D66-2BFE-464F-BCDE-5D58697DF73C}.Debug|Any CPU.ActiveCfg = Debug|Any CPU
		{0EE45D66-2BFE-464F-BCDE-5D58697DF73C}.Debug|Any CPU.Build.0 = Debug|Any CPU
		{0EE45D66-2BFE-464F-BCDE-5D58697DF73C}.Release|Any CPU.ActiveCfg = Release|Any CPU
		{0EE45D66-2BFE-464F-BCDE-5D58697DF73C}.Release|Any CPU.Build.0 = Release|Any CPU
		{C77534FF-C6E2-41DF-BC28-1EFA555FD648}.Debug|Any CPU.ActiveCfg = Debug|Any CPU
		{C77534FF-C6E2-41DF-BC28-1EFA555FD648}.Debug|Any CPU.Build.0 = Debug|Any CPU
		{C77534FF-C6E2-41DF-BC28-1EFA555FD648}.Release|Any CPU.ActiveCfg = Release|Any CPU
		{C77534FF-C6E2-41DF-BC28-1EFA555FD648}.Release|Any CPU.Build.0 = Release|Any CPU
	EndGlobalSection
	GlobalSection(SolutionProperties) = preSolution
		HideSolutionNode = FALSE
	EndGlobalSection
EndGlobal
